
Microsoft Visual Studio Solution File, Format Version 12.00
# Visual Studio Version 17
VisualStudioVersion = 17.3.32819.101
MinimumVisualStudioVersion = 10.0.40219.1
Project("{9A19103F-16F7-4668-BE54-9A1E7A4F7556}") = "Processos", "Processos.csproj", "{2C4581BB-86E4-4B1B-9D5E-C4DFCA830BEA}"
EndProject
Global
	GlobalSection(SolutionConfigurationPlatforms) = preSolution
		Debug|Any CPU = Debug|Any CPU
		Release|Any CPU = Release|Any CPU
	EndGlobalSection
	GlobalSection(ProjectConfigurationPlatforms) = postSolution
		{2C4581BB-86E4-4B1B-9D5E-C4DFCA830BEA}.Debug|Any CPU.ActiveCfg = Debug|Any CPU
		{2C4581BB-86E4-4B1B-9D5E-C4DFCA830BEA}.Debug|Any CPU.Build.0 = Debug|Any CPU
		{2C4581BB-86E4-4B1B-9D5E-C4DFCA830BEA}.Release|Any CPU.ActiveCfg = Release|Any CPU
		{2C4581BB-86E4-4B1B-9D5E-C4DFCA830BEA}.Release|Any CPU.Build.0 = Release|Any CPU
	EndGlobalSection
	GlobalSection(SolutionProperties) = preSolution
		HideSolutionNode = FALSE
	EndGlobalSection
	GlobalSection(ExtensibilityGlobals) = postSolution
		SolutionGuid = {77C4C3EF-D355-4C4D-A248-6F88C17EB76D}
	EndGlobalSection
EndGlobal
